
Microsoft Visual Studio Solution File, Format Version 12.00
# Visual Studio Version 17
VisualStudioVersion = 17.0.31903.59
MinimumVisualStudioVersion = 10.0.40219.1
Project("{2150E333-8FDC-42A3-9474-1A3956D46DE8}") = "src", "src", "{827E0CD3-B72D-47B6-A68D-7590B98EB39B}"
EndProject
Project("{FAE04EC0-301F-11D3-BF4B-00C04F79EFBC}") = "Pdp.ControlPlane.Ipam", "src\Pdp.ControlPlane.Ipam\Pdp.ControlPlane.Ipam.csproj", "{CFDA0B5E-A17A-495F-AE96-47B9E501D81C}"
EndProject
Project("{2150E333-8FDC-42A3-9474-1A3956D46DE8}") = "tests", "tests", "{0AB3BF05-4346-4AA6-1389-037BE0695223}"
EndProject
Project("{FAE04EC0-301F-11D3-BF4B-00C04F79EFBC}") = "Pdp.ControlPlane.Ipam.Tests", "tests\Pdp.ControlPlane.Ipam.Tests\Pdp.ControlPlane.Ipam.Tests.csproj", "{00FB37DB-F2B7-4194-8F1A-51BFB5499B1E}"
EndProject
Global
	GlobalSection(SolutionConfigurationPlatforms) = preSolution
		Debug|Any CPU = Debug|Any CPU
		Debug|x64 = Debug|x64
		Debug|x86 = Debug|x86
		Release|Any CPU = Release|Any CPU
		Release|x64 = Release|x64
		Release|x86 = Release|x86
	EndGlobalSection
	GlobalSection(ProjectConfigurationPlatforms) = postSolution
		{CFDA0B5E-A17A-495F-AE96-47B9E501D81C}.Debug|Any CPU.ActiveCfg = Debug|Any CPU
		{CFDA0B5E-A17A-495F-AE96-47B9E501D81C}.Debug|Any CPU.Build.0 = Debug|Any CPU
		{CFDA0B5E-A17A-495F-AE96-47B9E501D81C}.Debug|x64.ActiveCfg = Debug|Any CPU
		{CFDA0B5E-A17A-495F-AE96-47B9E501D81C}.Debug|x64.Build.0 = Debug|Any CPU
		{CFDA0B5E-A17A-495F-AE96-47B9E501D81C}.Debug|x86.ActiveCfg = Debug|Any CPU
		{CFDA0B5E-A17A-495F-AE96-47B9E501D81C}.Debug|x86.Build.0 = Debug|Any CPU
		{CFDA0B5E-A17A-495F-AE96-47B9E501D81C}.Release|Any CPU.ActiveCfg = Release|Any CPU
		{CFDA0B5E-A17A-495F-AE96-47B9E501D81C}.Release|Any CPU.Build.0 = Release|Any CPU
		{CFDA0B5E-A17A-495F-AE96-47B9E501D81C}.Release|x64.ActiveCfg = Release|Any CPU
		{CFDA0B5E-A17A-495F-AE96-47B9E501D81C}.Release|x64.Build.0 = Release|Any CPU
		{CFDA0B5E-A17A-495F-AE96-47B9E501D81C}.Release|x86.ActiveCfg = Release|Any CPU
		{CFDA0B5E-A17A-495F-AE96-47B9E501D81C}.Release|x86.Build.0 = Release|Any CPU
		{00FB37DB-F2B7-4194-8F1A-51BFB5499B1E}.Debug|Any CPU.ActiveCfg = Debug|Any CPU
		{00FB37DB-F2B7-4194-8F1A-51BFB5499B1E}.Debug|Any CPU.Build.0 = Debug|Any CPU
		{00FB37DB-F2B7-4194-8F1A-51BFB5499B1E}.Debug|x64.ActiveCfg = Debug|Any CPU
		{00FB37DB-F2B7-4194-8F1A-51BFB5499B1E}.Debug|x64.Build.0 = Debug|Any CPU
		{00FB37DB-F2B7-4194-8F1A-51BFB5499B1E}.Debug|x86.ActiveCfg = Debug|Any CPU
		{00FB37DB-F2B7-4194-8F1A-51BFB5499B1E}.Debug|x86.Build.0 = Debug|Any CPU
		{00FB37DB-F2B7-4194-8F1A-51BFB5499B1E}.Release|Any CPU.ActiveCfg = Release|Any CPU
		{00FB37DB-F2B7-4194-8F1A-51BFB5499B1E}.Release|Any CPU.Build.0 = Release|Any CPU
		{00FB37DB-F2B7-4194-8F1A-51BFB5499B1E}.Release|x64.ActiveCfg = Release|Any CPU
		{00FB37DB-F2B7-4194-8F1A-51BFB5499B1E}.Release|x64.Build.0 = Release|Any CPU
		{00FB37DB-F2B7-4194-8F1A-51BFB5499B1E}.Release|x86.ActiveCfg = Release|Any CPU
		{00FB37DB-F2B7-4194-8F1A-51BFB5499B1E}.Release|x86.Build.0 = Release|Any CPU
	EndGlobalSection
	GlobalSection(SolutionProperties) = preSolution
		HideSolutionNode = FALSE
	EndGlobalSection
	GlobalSection(NestedProjects) = preSolution
		{CFDA0B5E-A17A-495F-AE96-47B9E501D81C} = {827E0CD3-B72D-47B6-A68D-7590B98EB39B}
		{00FB37DB-F2B7-4194-8F1A-51BFB5499B1E} = {0AB3BF05-4346-4AA6-1389-037BE0695223}
	EndGlobalSection
EndGlobal
