
Microsoft Visual Studio Solution File, Format Version 12.00
# Visual Studio Version 17
VisualStudioVersion = 17.0.31903.59
MinimumVisualStudioVersion = 10.0.40219.1
Project("{2150E333-8FDC-42A3-9474-1A3956D46DE8}") = "src", "src", "{827E0CD3-B72D-47B6-A68D-7590B98EB39B}"
EndProject
Project("{FAE04EC0-301F-11D3-BF4B-00C04F79EFBC}") = "Pdp.ControlPlane.Ipam", "src\Pdp.ControlPlane.Ipam\Pdp.ControlPlane.Ipam.csproj", "{CFDA0B5E-A17A-495F-AE96-47B9E501D81C}"
EndProject
Project("{2150E333-8FDC-42A3-9474-1A3956D46DE8}") = "tests", "tests", "{0AB3BF05-4346-4AA6-1389-037BE0695223}"
EndProject
Project("{FAE04EC0-301F-11D3-BF4B-00C04F79EFBC}") = "Pdp.ControlPlane.Ipam.Tests", "tests\Pdp.ControlPlane.Ipam.Tests\Pdp.ControlPlane.Ipam.Tests.csproj", "{00FB37DB-F2B7-4194-8F1A-51BFB5499B1E}"
EndProject
Project("{FAE04EC0-301F-11D3-BF4B-00C04F79EFBC}") = "Pdp.ControlPlane.Inventory", "src\Pdp.ControlPlane.Inventory\Pdp.ControlPlane.Inventory.csproj", "{800EF059-735A-4BE5-8016-766B1E92D607}"
EndProject
Project("{FAE04EC0-301F-11D3-BF4B-00C04F79EFBC}") = "Pdp.Inventory.Demo", "src\Pdp.Inventory.Demo\Pdp.Inventory.Demo.csproj", "{9D0FEE08-3D12-4A76-A87D-CA6295D96E9B}"
EndProject
Project("{FAE04EC0-301F-11D3-BF4B-00C04F79EFBC}") = "Pdp.ControlPlane.Inventory.Tests", "tests\Pdp.ControlPlane.Inventory.Tests\Pdp.ControlPlane.Inventory.Tests.csproj", "{006080E6-4B6C-483D-983F-B9EADBF3A177}"
EndProject
Project("{FAE04EC0-301F-11D3-BF4B-00C04F79EFBC}") = "Pdp.ControlPlane.Registry", "src\Pdp.ControlPlane.Registry\Pdp.ControlPlane.Registry.csproj", "{D66E5B53-541F-431D-A07B-F4AE2C8756C5}"
EndProject
Project("{FAE04EC0-301F-11D3-BF4B-00C04F79EFBC}") = "Pdp.ControlPlane.Dispatch", "src\Pdp.ControlPlane.Dispatch\Pdp.ControlPlane.Dispatch.csproj", "{DAD13A75-4C2A-4248-85A5-745068BA1BF6}"
EndProject
Project("{FAE04EC0-301F-11D3-BF4B-00C04F79EFBC}") = "Pdp.ControlPlane.Verbs", "src\Pdp.ControlPlane.Verbs\Pdp.ControlPlane.Verbs.csproj", "{746CEB93-92E5-4B05-8FC0-5389F8F6EA18}"
EndProject
Project("{FAE04EC0-301F-11D3-BF4B-00C04F79EFBC}") = "Pdp.ControlPlane.Api", "src\Pdp.ControlPlane.Api\Pdp.ControlPlane.Api.csproj", "{E7F18C32-C941-4A90-BDA6-F48C4ED759C7}"
EndProject
Project("{FAE04EC0-301F-11D3-BF4B-00C04F79EFBC}") = "Pdp.ControlPlane.Ingress", "src\Pdp.ControlPlane.Ingress\Pdp.ControlPlane.Ingress.csproj", "{DF03569E-322A-4727-A89D-B85D68117E73}"
EndProject
Project("{FAE04EC0-301F-11D3-BF4B-00C04F79EFBC}") = "Pdp.AppHost", "src\Pdp.AppHost\Pdp.AppHost.csproj", "{26448FBD-5368-49E5-A4DD-4BF049C3355A}"
EndProject
Project("{FAE04EC0-301F-11D3-BF4B-00C04F79EFBC}") = "Pdp.ControlPlane.Registry.Tests", "tests\Pdp.ControlPlane.Registry.Tests\Pdp.ControlPlane.Registry.Tests.csproj", "{02702EC2-0462-4A4F-900B-4FA7D5234585}"
EndProject
Project("{FAE04EC0-301F-11D3-BF4B-00C04F79EFBC}") = "Pdp.ControlPlane.Verbs.Tests", "tests\Pdp.ControlPlane.Verbs.Tests\Pdp.ControlPlane.Verbs.Tests.csproj", "{AA793AC1-B31D-4B6F-8763-DB48B45EB42E}"
EndProject
Project("{FAE04EC0-301F-11D3-BF4B-00C04F79EFBC}") = "Pdp.ControlPlane.Dispatch.Tests", "tests\Pdp.ControlPlane.Dispatch.Tests\Pdp.ControlPlane.Dispatch.Tests.csproj", "{306C6FF0-3900-479E-A062-A8E32654C68D}"
EndProject
Project("{FAE04EC0-301F-11D3-BF4B-00C04F79EFBC}") = "Pdp.ControlPlane.Api.Tests", "tests\Pdp.ControlPlane.Api.Tests\Pdp.ControlPlane.Api.Tests.csproj", "{72267A53-A60B-4E29-9ED3-DCF20D2AFC44}"
EndProject
Project("{FAE04EC0-301F-11D3-BF4B-00C04F79EFBC}") = "Pdp.Cli", "src\Pdp.Cli\Pdp.Cli.csproj", "{27B2E94B-320E-49E8-906B-BF473F87FCEC}"
EndProject
Project("{FAE04EC0-301F-11D3-BF4B-00C04F79EFBC}") = "Pdp.Cli.Tests", "tests\Pdp.Cli.Tests\Pdp.Cli.Tests.csproj", "{C1FE5321-9643-46B0-9FDD-619B18646178}"
EndProject
Project("{FAE04EC0-301F-11D3-BF4B-00C04F79EFBC}") = "Pdp.ControlPlane.TestSupport", "tests\Pdp.ControlPlane.TestSupport\Pdp.ControlPlane.TestSupport.csproj", "{871E6A04-3C0A-43B0-8C36-D2E4468EA10A}"
EndProject
Global
	GlobalSection(SolutionConfigurationPlatforms) = preSolution
		Debug|Any CPU = Debug|Any CPU
		Debug|x64 = Debug|x64
		Debug|x86 = Debug|x86
		Release|Any CPU = Release|Any CPU
		Release|x64 = Release|x64
		Release|x86 = Release|x86
	EndGlobalSection
	GlobalSection(ProjectConfigurationPlatforms) = postSolution
		{CFDA0B5E-A17A-495F-AE96-47B9E501D81C}.Debug|Any CPU.ActiveCfg = Debug|Any CPU
		{CFDA0B5E-A17A-495F-AE96-47B9E501D81C}.Debug|Any CPU.Build.0 = Debug|Any CPU
		{CFDA0B5E-A17A-495F-AE96-47B9E501D81C}.Debug|x64.ActiveCfg = Debug|Any CPU
		{CFDA0B5E-A17A-495F-AE96-47B9E501D81C}.Debug|x64.Build.0 = Debug|Any CPU
		{CFDA0B5E-A17A-495F-AE96-47B9E501D81C}.Debug|x86.ActiveCfg = Debug|Any CPU
		{CFDA0B5E-A17A-495F-AE96-47B9E501D81C}.Debug|x86.Build.0 = Debug|Any CPU
		{CFDA0B5E-A17A-495F-AE96-47B9E501D81C}.Release|Any CPU.ActiveCfg = Release|Any CPU
		{CFDA0B5E-A17A-495F-AE96-47B9E501D81C}.Release|Any CPU.Build.0 = Release|Any CPU
		{CFDA0B5E-A17A-495F-AE96-47B9E501D81C}.Release|x64.ActiveCfg = Release|Any CPU
		{CFDA0B5E-A17A-495F-AE96-47B9E501D81C}.Release|x64.Build.0 = Release|Any CPU
		{CFDA0B5E-A17A-495F-AE96-47B9E501D81C}.Release|x86.ActiveCfg = Release|Any CPU
		{CFDA0B5E-A17A-495F-AE96-47B9E501D81C}.Release|x86.Build.0 = Release|Any CPU
		{00FB37DB-F2B7-4194-8F1A-51BFB5499B1E}.Debug|Any CPU.ActiveCfg = Debug|Any CPU
		{00FB37DB-F2B7-4194-8F1A-51BFB5499B1E}.Debug|Any CPU.Build.0 = Debug|Any CPU
		{00FB37DB-F2B7-4194-8F1A-51BFB5499B1E}.Debug|x64.ActiveCfg = Debug|Any CPU
		{00FB37DB-F2B7-4194-8F1A-51BFB5499B1E}.Debug|x64.Build.0 = Debug|Any CPU
		{00FB37DB-F2B7-4194-8F1A-51BFB5499B1E}.Debug|x86.ActiveCfg = Debug|Any CPU
		{00FB37DB-F2B7-4194-8F1A-51BFB5499B1E}.Debug|x86.Build.0 = Debug|Any CPU
		{00FB37DB-F2B7-4194-8F1A-51BFB5499B1E}.Release|Any CPU.ActiveCfg = Release|Any CPU
		{00FB37DB-F2B7-4194-8F1A-51BFB5499B1E}.Release|Any CPU.Build.0 = Release|Any CPU
		{00FB37DB-F2B7-4194-8F1A-51BFB5499B1E}.Release|x64.ActiveCfg = Release|Any CPU
		{00FB37DB-F2B7-4194-8F1A-51BFB5499B1E}.Release|x64.Build.0 = Release|Any CPU
		{00FB37DB-F2B7-4194-8F1A-51BFB5499B1E}.Release|x86.ActiveCfg = Release|Any CPU
		{00FB37DB-F2B7-4194-8F1A-51BFB5499B1E}.Release|x86.Build.0 = Release|Any CPU
		{800EF059-735A-4BE5-8016-766B1E92D607}.Debug|Any CPU.ActiveCfg = Debug|Any CPU
		{800EF059-735A-4BE5-8016-766B1E92D607}.Debug|Any CPU.Build.0 = Debug|Any CPU
		{800EF059-735A-4BE5-8016-766B1E92D607}.Debug|x64.ActiveCfg = Debug|Any CPU
		{800EF059-735A-4BE5-8016-766B1E92D607}.Debug|x64.Build.0 = Debug|Any CPU
		{800EF059-735A-4BE5-8016-766B1E92D607}.Debug|x86.ActiveCfg = Debug|Any CPU
		{800EF059-735A-4BE5-8016-766B1E92D607}.Debug|x86.Build.0 = Debug|Any CPU
		{800EF059-735A-4BE5-8016-766B1E92D607}.Release|Any CPU.ActiveCfg = Release|Any CPU
		{800EF059-735A-4BE5-8016-766B1E92D607}.Release|Any CPU.Build.0 = Release|Any CPU
		{800EF059-735A-4BE5-8016-766B1E92D607}.Release|x64.ActiveCfg = Release|Any CPU
		{800EF059-735A-4BE5-8016-766B1E92D607}.Release|x64.Build.0 = Release|Any CPU
		{800EF059-735A-4BE5-8016-766B1E92D607}.Release|x86.ActiveCfg = Release|Any CPU
		{800EF059-735A-4BE5-8016-766B1E92D607}.Release|x86.Build.0 = Release|Any CPU
		{9D0FEE08-3D12-4A76-A87D-CA6295D96E9B}.Debug|Any CPU.ActiveCfg = Debug|Any CPU
		{9D0FEE08-3D12-4A76-A87D-CA6295D96E9B}.Debug|Any CPU.Build.0 = Debug|Any CPU
		{9D0FEE08-3D12-4A76-A87D-CA6295D96E9B}.Debug|x64.ActiveCfg = Debug|Any CPU
		{9D0FEE08-3D12-4A76-A87D-CA6295D96E9B}.Debug|x64.Build.0 = Debug|Any CPU
		{9D0FEE08-3D12-4A76-A87D-CA6295D96E9B}.Debug|x86.ActiveCfg = Debug|Any CPU
		{9D0FEE08-3D12-4A76-A87D-CA6295D96E9B}.Debug|x86.Build.0 = Debug|Any CPU
		{9D0FEE08-3D12-4A76-A87D-CA6295D96E9B}.Release|Any CPU.ActiveCfg = Release|Any CPU
		{9D0FEE08-3D12-4A76-A87D-CA6295D96E9B}.Release|Any CPU.Build.0 = Release|Any CPU
		{9D0FEE08-3D12-4A76-A87D-CA6295D96E9B}.Release|x64.ActiveCfg = Release|Any CPU
		{9D0FEE08-3D12-4A76-A87D-CA6295D96E9B}.Release|x64.Build.0 = Release|Any CPU
		{9D0FEE08-3D12-4A76-A87D-CA6295D96E9B}.Release|x86.ActiveCfg = Release|Any CPU
		{9D0FEE08-3D12-4A76-A87D-CA6295D96E9B}.Release|x86.Build.0 = Release|Any CPU
		{006080E6-4B6C-483D-983F-B9EADBF3A177}.Debug|Any CPU.ActiveCfg = Debug|Any CPU
		{006080E6-4B6C-483D-983F-B9EADBF3A177}.Debug|Any CPU.Build.0 = Debug|Any CPU
		{006080E6-4B6C-483D-983F-B9EADBF3A177}.Debug|x64.ActiveCfg = Debug|Any CPU
		{006080E6-4B6C-483D-983F-B9EADBF3A177}.Debug|x64.Build.0 = Debug|Any CPU
		{006080E6-4B6C-483D-983F-B9EADBF3A177}.Debug|x86.ActiveCfg = Debug|Any CPU
		{006080E6-4B6C-483D-983F-B9EADBF3A177}.Debug|x86.Build.0 = Debug|Any CPU
		{006080E6-4B6C-483D-983F-B9EADBF3A177}.Release|Any CPU.ActiveCfg = Release|Any CPU
		{006080E6-4B6C-483D-983F-B9EADBF3A177}.Release|Any CPU.Build.0 = Release|Any CPU
		{006080E6-4B6C-483D-983F-B9EADBF3A177}.Release|x64.ActiveCfg = Release|Any CPU
		{006080E6-4B6C-483D-983F-B9EADBF3A177}.Release|x64.Build.0 = Release|Any CPU
		{006080E6-4B6C-483D-983F-B9EADBF3A177}.Release|x86.ActiveCfg = Release|Any CPU
		{006080E6-4B6C-483D-983F-B9EADBF3A177}.Release|x86.Build.0 = Release|Any CPU
		{D66E5B53-541F-431D-A07B-F4AE2C8756C5}.Debug|Any CPU.ActiveCfg = Debug|Any CPU
		{D66E5B53-541F-431D-A07B-F4AE2C8756C5}.Debug|Any CPU.Build.0 = Debug|Any CPU
		{D66E5B53-541F-431D-A07B-F4AE2C8756C5}.Debug|x64.ActiveCfg = Debug|Any CPU
		{D66E5B53-541F-431D-A07B-F4AE2C8756C5}.Debug|x64.Build.0 = Debug|Any CPU
		{D66E5B53-541F-431D-A07B-F4AE2C8756C5}.Debug|x86.ActiveCfg = Debug|Any CPU
		{D66E5B53-541F-431D-A07B-F4AE2C8756C5}.Debug|x86.Build.0 = Debug|Any CPU
		{D66E5B53-541F-431D-A07B-F4AE2C8756C5}.Release|Any CPU.ActiveCfg = Release|Any CPU
		{D66E5B53-541F-431D-A07B-F4AE2C8756C5}.Release|Any CPU.Build.0 = Release|Any CPU
		{D66E5B53-541F-431D-A07B-F4AE2C8756C5}.Release|x64.ActiveCfg = Release|Any CPU
		{D66E5B53-541F-431D-A07B-F4AE2C8756C5}.Release|x64.Build.0 = Release|Any CPU
		{D66E5B53-541F-431D-A07B-F4AE2C8756C5}.Release|x86.ActiveCfg = Release|Any CPU
		{D66E5B53-541F-431D-A07B-F4AE2C8756C5}.Release|x86.Build.0 = Release|Any CPU
		{DAD13A75-4C2A-4248-85A5-745068BA1BF6}.Debug|Any CPU.ActiveCfg = Debug|Any CPU
		{DAD13A75-4C2A-4248-85A5-745068BA1BF6}.Debug|Any CPU.Build.0 = Debug|Any CPU
		{DAD13A75-4C2A-4248-85A5-745068BA1BF6}.Debug|x64.ActiveCfg = Debug|Any CPU
		{DAD13A75-4C2A-4248-85A5-745068BA1BF6}.Debug|x64.Build.0 = Debug|Any CPU
		{DAD13A75-4C2A-4248-85A5-745068BA1BF6}.Debug|x86.ActiveCfg = Debug|Any CPU
		{DAD13A75-4C2A-4248-85A5-745068BA1BF6}.Debug|x86.Build.0 = Debug|Any CPU
		{DAD13A75-4C2A-4248-85A5-745068BA1BF6}.Release|Any CPU.ActiveCfg = Release|Any CPU
		{DAD13A75-4C2A-4248-85A5-745068BA1BF6}.Release|Any CPU.Build.0 = Release|Any CPU
		{DAD13A75-4C2A-4248-85A5-745068BA1BF6}.Release|x64.ActiveCfg = Release|Any CPU
		{DAD13A75-4C2A-4248-85A5-745068BA1BF6}.Release|x64.Build.0 = Release|Any CPU
		{DAD13A75-4C2A-4248-85A5-745068BA1BF6}.Release|x86.ActiveCfg = Release|Any CPU
		{DAD13A75-4C2A-4248-85A5-745068BA1BF6}.Release|x86.Build.0 = Release|Any CPU
		{746CEB93-92E5-4B05-8FC0-5389F8F6EA18}.Debug|Any CPU.ActiveCfg = Debug|Any CPU
		{746CEB93-92E5-4B05-8FC0-5389F8F6EA18}.Debug|Any CPU.Build.0 = Debug|Any CPU
		{746CEB93-92E5-4B05-8FC0-5389F8F6EA18}.Debug|x64.ActiveCfg = Debug|Any CPU
		{746CEB93-92E5-4B05-8FC0-5389F8F6EA18}.Debug|x64.Build.0 = Debug|Any CPU
		{746CEB93-92E5-4B05-8FC0-5389F8F6EA18}.Debug|x86.ActiveCfg = Debug|Any CPU
		{746CEB93-92E5-4B05-8FC0-5389F8F6EA18}.Debug|x86.Build.0 = Debug|Any CPU
		{746CEB93-92E5-4B05-8FC0-5389F8F6EA18}.Release|Any CPU.ActiveCfg = Release|Any CPU
		{746CEB93-92E5-4B05-8FC0-5389F8F6EA18}.Release|Any CPU.Build.0 = Release|Any CPU
		{746CEB93-92E5-4B05-8FC0-5389F8F6EA18}.Release|x64.ActiveCfg = Release|Any CPU
		{746CEB93-92E5-4B05-8FC0-5389F8F6EA18}.Release|x64.Build.0 = Release|Any CPU
		{746CEB93-92E5-4B05-8FC0-5389F8F6EA18}.Release|x86.ActiveCfg = Release|Any CPU
		{746CEB93-92E5-4B05-8FC0-5389F8F6EA18}.Release|x86.Build.0 = Release|Any CPU
		{E7F18C32-C941-4A90-BDA6-F48C4ED759C7}.Debug|Any CPU.ActiveCfg = Debug|Any CPU
		{E7F18C32-C941-4A90-BDA6-F48C4ED759C7}.Debug|Any CPU.Build.0 = Debug|Any CPU
		{E7F18C32-C941-4A90-BDA6-F48C4ED759C7}.Debug|x64.ActiveCfg = Debug|Any CPU
		{E7F18C32-C941-4A90-BDA6-F48C4ED759C7}.Debug|x64.Build.0 = Debug|Any CPU
		{E7F18C32-C941-4A90-BDA6-F48C4ED759C7}.Debug|x86.ActiveCfg = Debug|Any CPU
		{E7F18C32-C941-4A90-BDA6-F48C4ED759C7}.Debug|x86.Build.0 = Debug|Any CPU
		{E7F18C32-C941-4A90-BDA6-F48C4ED759C7}.Release|Any CPU.ActiveCfg = Release|Any CPU
		{E7F18C32-C941-4A90-BDA6-F48C4ED759C7}.Release|Any CPU.Build.0 = Release|Any CPU
		{E7F18C32-C941-4A90-BDA6-F48C4ED759C7}.Release|x64.ActiveCfg = Release|Any CPU
		{E7F18C32-C941-4A90-BDA6-F48C4ED759C7}.Release|x64.Build.0 = Release|Any CPU
		{E7F18C32-C941-4A90-BDA6-F48C4ED759C7}.Release|x86.ActiveCfg = Release|Any CPU
		{E7F18C32-C941-4A90-BDA6-F48C4ED759C7}.Release|x86.Build.0 = Release|Any CPU
		{DF03569E-322A-4727-A89D-B85D68117E73}.Debug|Any CPU.ActiveCfg = Debug|Any CPU
		{DF03569E-322A-4727-A89D-B85D68117E73}.Debug|Any CPU.Build.0 = Debug|Any CPU
		{DF03569E-322A-4727-A89D-B85D68117E73}.Debug|x64.ActiveCfg = Debug|Any CPU
		{DF03569E-322A-4727-A89D-B85D68117E73}.Debug|x64.Build.0 = Debug|Any CPU
		{DF03569E-322A-4727-A89D-B85D68117E73}.Debug|x86.ActiveCfg = Debug|Any CPU
		{DF03569E-322A-4727-A89D-B85D68117E73}.Debug|x86.Build.0 = Debug|Any CPU
		{DF03569E-322A-4727-A89D-B85D68117E73}.Release|Any CPU.ActiveCfg = Release|Any CPU
		{DF03569E-322A-4727-A89D-B85D68117E73}.Release|Any CPU.Build.0 = Release|Any CPU
		{DF03569E-322A-4727-A89D-B85D68117E73}.Release|x64.ActiveCfg = Release|Any CPU
		{DF03569E-322A-4727-A89D-B85D68117E73}.Release|x64.Build.0 = Release|Any CPU
		{DF03569E-322A-4727-A89D-B85D68117E73}.Release|x86.ActiveCfg = Release|Any CPU
		{DF03569E-322A-4727-A89D-B85D68117E73}.Release|x86.Build.0 = Release|Any CPU
		{26448FBD-5368-49E5-A4DD-4BF049C3355A}.Debug|Any CPU.ActiveCfg = Debug|Any CPU
		{26448FBD-5368-49E5-A4DD-4BF049C3355A}.Debug|Any CPU.Build.0 = Debug|Any CPU
		{26448FBD-5368-49E5-A4DD-4BF049C3355A}.Debug|x64.ActiveCfg = Debug|Any CPU
		{26448FBD-5368-49E5-A4DD-4BF049C3355A}.Debug|x64.Build.0 = Debug|Any CPU
		{26448FBD-5368-49E5-A4DD-4BF049C3355A}.Debug|x86.ActiveCfg = Debug|Any CPU
		{26448FBD-5368-49E5-A4DD-4BF049C3355A}.Debug|x86.Build.0 = Debug|Any CPU
		{26448FBD-5368-49E5-A4DD-4BF049C3355A}.Release|Any CPU.ActiveCfg = Release|Any CPU
		{26448FBD-5368-49E5-A4DD-4BF049C3355A}.Release|Any CPU.Build.0 = Release|Any CPU
		{26448FBD-5368-49E5-A4DD-4BF049C3355A}.Release|x64.ActiveCfg = Release|Any CPU
		{26448FBD-5368-49E5-A4DD-4BF049C3355A}.Release|x64.Build.0 = Release|Any CPU
		{26448FBD-5368-49E5-A4DD-4BF049C3355A}.Release|x86.ActiveCfg = Release|Any CPU
		{26448FBD-5368-49E5-A4DD-4BF049C3355A}.Release|x86.Build.0 = Release|Any CPU
		{02702EC2-0462-4A4F-900B-4FA7D5234585}.Debug|Any CPU.ActiveCfg = Debug|Any CPU
		{02702EC2-0462-4A4F-900B-4FA7D5234585}.Debug|Any CPU.Build.0 = Debug|Any CPU
		{02702EC2-0462-4A4F-900B-4FA7D5234585}.Debug|x64.ActiveCfg = Debug|Any CPU
		{02702EC2-0462-4A4F-900B-4FA7D5234585}.Debug|x64.Build.0 = Debug|Any CPU
		{02702EC2-0462-4A4F-900B-4FA7D5234585}.Debug|x86.ActiveCfg = Debug|Any CPU
		{02702EC2-0462-4A4F-900B-4FA7D5234585}.Debug|x86.Build.0 = Debug|Any CPU
		{02702EC2-0462-4A4F-900B-4FA7D5234585}.Release|Any CPU.ActiveCfg = Release|Any CPU
		{02702EC2-0462-4A4F-900B-4FA7D5234585}.Release|Any CPU.Build.0 = Release|Any CPU
		{02702EC2-0462-4A4F-900B-4FA7D5234585}.Release|x64.ActiveCfg = Release|Any CPU
		{02702EC2-0462-4A4F-900B-4FA7D5234585}.Release|x64.Build.0 = Release|Any CPU
		{02702EC2-0462-4A4F-900B-4FA7D5234585}.Release|x86.ActiveCfg = Release|Any CPU
		{02702EC2-0462-4A4F-900B-4FA7D5234585}.Release|x86.Build.0 = Release|Any CPU
		{AA793AC1-B31D-4B6F-8763-DB48B45EB42E}.Debug|Any CPU.ActiveCfg = Debug|Any CPU
		{AA793AC1-B31D-4B6F-8763-DB48B45EB42E}.Debug|Any CPU.Build.0 = Debug|Any CPU
		{AA793AC1-B31D-4B6F-8763-DB48B45EB42E}.Debug|x64.ActiveCfg = Debug|Any CPU
		{AA793AC1-B31D-4B6F-8763-DB48B45EB42E}.Debug|x64.Build.0 = Debug|Any CPU
		{AA793AC1-B31D-4B6F-8763-DB48B45EB42E}.Debug|x86.ActiveCfg = Debug|Any CPU
		{AA793AC1-B31D-4B6F-8763-DB48B45EB42E}.Debug|x86.Build.0 = Debug|Any CPU
		{AA793AC1-B31D-4B6F-8763-DB48B45EB42E}.Release|Any CPU.ActiveCfg = Release|Any CPU
		{AA793AC1-B31D-4B6F-8763-DB48B45EB42E}.Release|Any CPU.Build.0 = Release|Any CPU
		{AA793AC1-B31D-4B6F-8763-DB48B45EB42E}.Release|x64.ActiveCfg = Release|Any CPU
		{AA793AC1-B31D-4B6F-8763-DB48B45EB42E}.Release|x64.Build.0 = Release|Any CPU
		{AA793AC1-B31D-4B6F-8763-DB48B45EB42E}.Release|x86.ActiveCfg = Release|Any CPU
		{AA793AC1-B31D-4B6F-8763-DB48B45EB42E}.Release|x86.Build.0 = Release|Any CPU
		{306C6FF0-3900-479E-A062-A8E32654C68D}.Debug|Any CPU.ActiveCfg = Debug|Any CPU
		{306C6FF0-3900-479E-A062-A8E32654C68D}.Debug|Any CPU.Build.0 = Debug|Any CPU
		{306C6FF0-3900-479E-A062-A8E32654C68D}.Debug|x64.ActiveCfg = Debug|Any CPU
		{306C6FF0-3900-479E-A062-A8E32654C68D}.Debug|x64.Build.0 = Debug|Any CPU
		{306C6FF0-3900-479E-A062-A8E32654C68D}.Debug|x86.ActiveCfg = Debug|Any CPU
		{306C6FF0-3900-479E-A062-A8E32654C68D}.Debug|x86.Build.0 = Debug|Any CPU
		{306C6FF0-3900-479E-A062-A8E32654C68D}.Release|Any CPU.ActiveCfg = Release|Any CPU
		{306C6FF0-3900-479E-A062-A8E32654C68D}.Release|Any CPU.Build.0 = Release|Any CPU
		{306C6FF0-3900-479E-A062-A8E32654C68D}.Release|x64.ActiveCfg = Release|Any CPU
		{306C6FF0-3900-479E-A062-A8E32654C68D}.Release|x64.Build.0 = Release|Any CPU
		{306C6FF0-3900-479E-A062-A8E32654C68D}.Release|x86.ActiveCfg = Release|Any CPU
		{306C6FF0-3900-479E-A062-A8E32654C68D}.Release|x86.Build.0 = Release|Any CPU
		{72267A53-A60B-4E29-9ED3-DCF20D2AFC44}.Debug|Any CPU.ActiveCfg = Debug|Any CPU
		{72267A53-A60B-4E29-9ED3-DCF20D2AFC44}.Debug|Any CPU.Build.0 = Debug|Any CPU
		{72267A53-A60B-4E29-9ED3-DCF20D2AFC44}.Debug|x64.ActiveCfg = Debug|Any CPU
		{72267A53-A60B-4E29-9ED3-DCF20D2AFC44}.Debug|x64.Build.0 = Debug|Any CPU
		{72267A53-A60B-4E29-9ED3-DCF20D2AFC44}.Debug|x86.ActiveCfg = Debug|Any CPU
		{72267A53-A60B-4E29-9ED3-DCF20D2AFC44}.Debug|x86.Build.0 = Debug|Any CPU
		{72267A53-A60B-4E29-9ED3-DCF20D2AFC44}.Release|Any CPU.ActiveCfg = Release|Any CPU
		{72267A53-A60B-4E29-9ED3-DCF20D2AFC44}.Release|Any CPU.Build.0 = Release|Any CPU
		{72267A53-A60B-4E29-9ED3-DCF20D2AFC44}.Release|x64.ActiveCfg = Release|Any CPU
		{72267A53-A60B-4E29-9ED3-DCF20D2AFC44}.Release|x64.Build.0 = Release|Any CPU
		{72267A53-A60B-4E29-9ED3-DCF20D2AFC44}.Release|x86.ActiveCfg = Release|Any CPU
		{72267A53-A60B-4E29-9ED3-DCF20D2AFC44}.Release|x86.Build.0 = Release|Any CPU
		{27B2E94B-320E-49E8-906B-BF473F87FCEC}.Debug|Any CPU.ActiveCfg = Debug|Any CPU
		{27B2E94B-320E-49E8-906B-BF473F87FCEC}.Debug|Any CPU.Build.0 = Debug|Any CPU
		{27B2E94B-320E-49E8-906B-BF473F87FCEC}.Debug|x64.ActiveCfg = Debug|Any CPU
		{27B2E94B-320E-49E8-906B-BF473F87FCEC}.Debug|x64.Build.0 = Debug|Any CPU
		{27B2E94B-320E-49E8-906B-BF473F87FCEC}.Debug|x86.ActiveCfg = Debug|Any CPU
		{27B2E94B-320E-49E8-906B-BF473F87FCEC}.Debug|x86.Build.0 = Debug|Any CPU
		{27B2E94B-320E-49E8-906B-BF473F87FCEC}.Release|Any CPU.ActiveCfg = Release|Any CPU
		{27B2E94B-320E-49E8-906B-BF473F87FCEC}.Release|Any CPU.Build.0 = Release|Any CPU
		{27B2E94B-320E-49E8-906B-BF473F87FCEC}.Release|x64.ActiveCfg = Release|Any CPU
		{27B2E94B-320E-49E8-906B-BF473F87FCEC}.Release|x64.Build.0 = Release|Any CPU
		{27B2E94B-320E-49E8-906B-BF473F87FCEC}.Release|x86.ActiveCfg = Release|Any CPU
		{27B2E94B-320E-49E8-906B-BF473F87FCEC}.Release|x86.Build.0 = Release|Any CPU
		{C1FE5321-9643-46B0-9FDD-619B18646178}.Debug|Any CPU.ActiveCfg = Debug|Any CPU
		{C1FE5321-9643-46B0-9FDD-619B18646178}.Debug|Any CPU.Build.0 = Debug|Any CPU
		{C1FE5321-9643-46B0-9FDD-619B18646178}.Debug|x64.ActiveCfg = Debug|Any CPU
		{C1FE5321-9643-46B0-9FDD-619B18646178}.Debug|x64.Build.0 = Debug|Any CPU
		{C1FE5321-9643-46B0-9FDD-619B18646178}.Debug|x86.ActiveCfg = Debug|Any CPU
		{C1FE5321-9643-46B0-9FDD-619B18646178}.Debug|x86.Build.0 = Debug|Any CPU
		{C1FE5321-9643-46B0-9FDD-619B18646178}.Release|Any CPU.ActiveCfg = Release|Any CPU
		{C1FE5321-9643-46B0-9FDD-619B18646178}.Release|Any CPU.Build.0 = Release|Any CPU
		{C1FE5321-9643-46B0-9FDD-619B18646178}.Release|x64.ActiveCfg = Release|Any CPU
		{C1FE5321-9643-46B0-9FDD-619B18646178}.Release|x64.Build.0 = Release|Any CPU
		{C1FE5321-9643-46B0-9FDD-619B18646178}.Release|x86.ActiveCfg = Release|Any CPU
		{C1FE5321-9643-46B0-9FDD-619B18646178}.Release|x86.Build.0 = Release|Any CPU
		{871E6A04-3C0A-43B0-8C36-D2E4468EA10A}.Debug|Any CPU.ActiveCfg = Debug|Any CPU
		{871E6A04-3C0A-43B0-8C36-D2E4468EA10A}.Debug|Any CPU.Build.0 = Debug|Any CPU
		{871E6A04-3C0A-43B0-8C36-D2E4468EA10A}.Debug|x64.ActiveCfg = Debug|Any CPU
		{871E6A04-3C0A-43B0-8C36-D2E4468EA10A}.Debug|x64.Build.0 = Debug|Any CPU
		{871E6A04-3C0A-43B0-8C36-D2E4468EA10A}.Debug|x86.ActiveCfg = Debug|Any CPU
		{871E6A04-3C0A-43B0-8C36-D2E4468EA10A}.Debug|x86.Build.0 = Debug|Any CPU
		{871E6A04-3C0A-43B0-8C36-D2E4468EA10A}.Release|Any CPU.ActiveCfg = Release|Any CPU
		{871E6A04-3C0A-43B0-8C36-D2E4468EA10A}.Release|Any CPU.Build.0 = Release|Any CPU
		{871E6A04-3C0A-43B0-8C36-D2E4468EA10A}.Release|x64.ActiveCfg = Release|Any CPU
		{871E6A04-3C0A-43B0-8C36-D2E4468EA10A}.Release|x64.Build.0 = Release|Any CPU
		{871E6A04-3C0A-43B0-8C36-D2E4468EA10A}.Release|x86.ActiveCfg = Release|Any CPU
		{871E6A04-3C0A-43B0-8C36-D2E4468EA10A}.Release|x86.Build.0 = Release|Any CPU
	EndGlobalSection
	GlobalSection(SolutionProperties) = preSolution
		HideSolutionNode = FALSE
	EndGlobalSection
	GlobalSection(NestedProjects) = preSolution
		{CFDA0B5E-A17A-495F-AE96-47B9E501D81C} = {827E0CD3-B72D-47B6-A68D-7590B98EB39B}
		{00FB37DB-F2B7-4194-8F1A-51BFB5499B1E} = {0AB3BF05-4346-4AA6-1389-037BE0695223}
		{800EF059-735A-4BE5-8016-766B1E92D607} = {827E0CD3-B72D-47B6-A68D-7590B98EB39B}
		{9D0FEE08-3D12-4A76-A87D-CA6295D96E9B} = {827E0CD3-B72D-47B6-A68D-7590B98EB39B}
		{006080E6-4B6C-483D-983F-B9EADBF3A177} = {0AB3BF05-4346-4AA6-1389-037BE0695223}
		{D66E5B53-541F-431D-A07B-F4AE2C8756C5} = {827E0CD3-B72D-47B6-A68D-7590B98EB39B}
		{DAD13A75-4C2A-4248-85A5-745068BA1BF6} = {827E0CD3-B72D-47B6-A68D-7590B98EB39B}
		{746CEB93-92E5-4B05-8FC0-5389F8F6EA18} = {827E0CD3-B72D-47B6-A68D-7590B98EB39B}
		{E7F18C32-C941-4A90-BDA6-F48C4ED759C7} = {827E0CD3-B72D-47B6-A68D-7590B98EB39B}
		{DF03569E-322A-4727-A89D-B85D68117E73} = {827E0CD3-B72D-47B6-A68D-7590B98EB39B}
		{26448FBD-5368-49E5-A4DD-4BF049C3355A} = {827E0CD3-B72D-47B6-A68D-7590B98EB39B}
		{02702EC2-0462-4A4F-900B-4FA7D5234585} = {0AB3BF05-4346-4AA6-1389-037BE0695223}
		{AA793AC1-B31D-4B6F-8763-DB48B45EB42E} = {0AB3BF05-4346-4AA6-1389-037BE0695223}
		{306C6FF0-3900-479E-A062-A8E32654C68D} = {0AB3BF05-4346-4AA6-1389-037BE0695223}
		{72267A53-A60B-4E29-9ED3-DCF20D2AFC44} = {0AB3BF05-4346-4AA6-1389-037BE0695223}
		{27B2E94B-320E-49E8-906B-BF473F87FCEC} = {827E0CD3-B72D-47B6-A68D-7590B98EB39B}
		{C1FE5321-9643-46B0-9FDD-619B18646178} = {0AB3BF05-4346-4AA6-1389-037BE0695223}
		{871E6A04-3C0A-43B0-8C36-D2E4468EA10A} = {0AB3BF05-4346-4AA6-1389-037BE0695223}
	EndGlobalSection
EndGlobal
